
Microsoft Visual Studio Solution File, Format Version 12.00
# Visual Studio Version 17
VisualStudioVersion = 17.7.34202.233
MinimumVisualStudioVersion = 10.0.40219.1
Project("{FAE04EC0-301F-11D3-BF4B-00C04F79EFBC}") = "InterfacesDemoCSharp-41", "InterfacesDemoCSharp-41\InterfacesDemoCSharp-41.csproj", "{52F75345-B050-402C-AD1F-F6C33D93B56F}"
EndProject
Global
	GlobalSection(SolutionConfigurationPlatforms) = preSolution
		Debug|Any CPU = Debug|Any CPU
		Release|Any CPU = Release|Any CPU
	EndGlobalSection
	GlobalSection(ProjectConfigurationPlatforms) = postSolution
		{52F75345-B050-402C-AD1F-F6C33D93B56F}.Debug|Any CPU.ActiveCfg = Debug|Any CPU
		{52F75345-B050-402C-AD1F-F6C33D93B56F}.Debug|Any CPU.Build.0 = Debug|Any CPU
		{52F75345-B050-402C-AD1F-F6C33D93B56F}.Release|Any CPU.ActiveCfg = Release|Any CPU
		{52F75345-B050-402C-AD1F-F6C33D93B56F}.Release|Any CPU.Build.0 = Release|Any CPU
	EndGlobalSection
	GlobalSection(SolutionProperties) = preSolution
		HideSolutionNode = FALSE
	EndGlobalSection
	GlobalSection(ExtensibilityGlobals) = postSolution
		SolutionGuid = {9C990038-EC5C-4306-B4B7-0DE063137C9B}
	EndGlobalSection
EndGlobal
